// !$*UTF8*$!
{
	archiveVersion = 1;
	classes = {
	};
	objectVersion = 56;
	objects = {

/* Begin PBXBuildFile section */
		74FEB55529A82881002BC574 /* SixtApp.swift in Sources */ = {isa = PBXBuildFile; fileRef = 74FEB55429A82881002BC574 /* SixtApp.swift */; };
		74FEB55729A82881002BC574 /* ContentView.swift in Sources */ = {isa = PBXBuildFile; fileRef = 74FEB55629A82881002BC574 /* ContentView.swift */; };
		74FEB55929A82881002BC574 /* Assets.xcassets in Resources */ = {isa = PBXBuildFile; fileRef = 74FEB55829A82881002BC574 /* Assets.xcassets */; };
		74FEB55C29A82881002BC574 /* Preview Assets.xcassets in Resources */ = {isa = PBXBuildFile; fileRef = 74FEB55B29A82881002BC574 /* Preview Assets.xcassets */; };
		74FEB56629A82881002BC574 /* SixtTests.swift in Sources */ = {isa = PBXBuildFile; fileRef = 74FEB56529A82881002BC574 /* SixtTests.swift */; };
		74FEB57029A82882002BC574 /* SixtUITests.swift in Sources */ = {isa = PBXBuildFile; fileRef = 74FEB56F29A82882002BC574 /* SixtUITests.swift */; };
		74FEB57229A82882002BC574 /* SixtUITestsLaunchTests.swift in Sources */ = {isa = PBXBuildFile; fileRef = 74FEB57129A82882002BC574 /* SixtUITestsLaunchTests.swift */; };
/* End PBXBuildFile section */

/* Begin PBXContainerItemProxy section */
		74FEB56229A82881002BC574 /* PBXContainerItemProxy */ = {
			isa = PBXContainerItemProxy;
			containerPortal = 74FEB54929A82881002BC574 /* Project object */;
			proxyType = 1;
			remoteGlobalIDString = 74FEB55029A82881002BC574;
			remoteInfo = Sixt;
		};
		74FEB56C29A82881002BC574 /* PBXContainerItemProxy */ = {
			isa = PBXContainerItemProxy;
			containerPortal = 74FEB54929A82881002BC574 /* Project object */;
			proxyType = 1;
			remoteGlobalIDString = 74FEB55029A82881002BC574;
			remoteInfo = Sixt;
		};
/* End PBXContainerItemProxy section */

/* Begin PBXFileReference section */
		74FEB55129A82881002BC574 /* Sixt.app */ = {isa = PBXFileReference; explicitFileType = wrapper.application; includeInIndex = 0; path = Sixt.app; sourceTree = BUILT_PRODUCTS_DIR; };
		74FEB55429A82881002BC574 /* SixtApp.swift */ = {isa = PBXFileReference; lastKnownFileType = sourcecode.swift; path = SixtApp.swift; sourceTree = "<group>"; };
		74FEB55629A82881002BC574 /* ContentView.swift */ = {isa = PBXFileReference; lastKnownFileType = sourcecode.swift; path = ContentView.swift; sourceTree = "<group>"; };
		74FEB55829A82881002BC574 /* Assets.xcassets */ = {isa = PBXFileReference; lastKnownFileType = folder.assetcatalog; path = Assets.xcassets; sourceTree = "<group>"; };
		74FEB55B29A82881002BC574 /* Preview Assets.xcassets */ = {isa = PBXFileReference; lastKnownFileType = folder.assetcatalog; path = "Preview Assets.xcassets"; sourceTree = "<group>"; };
		74FEB56129A82881002BC574 /* SixtTests.xctest */ = {isa = PBXFileReference; explicitFileType = wrapper.cfbundle; includeInIndex = 0; path = SixtTests.xctest; sourceTree = BUILT_PRODUCTS_DIR; };
		74FEB56529A82881002BC574 /* SixtTests.swift */ = {isa = PBXFileReference; lastKnownFileType = sourcecode.swift; path = SixtTests.swift; sourceTree = "<group>"; };
		74FEB56B29A82881002BC574 /* SixtUITests.xctest */ = {isa = PBXFileReference; explicitFileType = wrapper.cfbundle; includeInIndex = 0; path = SixtUITests.xctest; sourceTree = BUILT_PRODUCTS_DIR; };
		74FEB56F29A82882002BC574 /* SixtUITests.swift */ = {isa = PBXFileReference; lastKnownFileType = sourcecode.swift; path = SixtUITests.swift; sourceTree = "<group>"; };
		74FEB57129A82882002BC574 /* SixtUITestsLaunchTests.swift */ = {isa = PBXFileReference; lastKnownFileType = sourcecode.swift; path = SixtUITestsLaunchTests.swift; sourceTree = "<group>"; };
/* End PBXFileReference section */

/* Begin PBXFrameworksBuildPhase section */
		74FEB54E29A82881002BC574 /* Frameworks */ = {
			isa = PBXFrameworksBuildPhase;
			buildActionMask = 2147483647;
			files = (
			);
			runOnlyForDeploymentPostprocessing = 0;
		};
		74FEB55E29A82881002BC574 /* Frameworks */ = {
			isa = PBXFrameworksBuildPhase;
			buildActionMask = 2147483647;
			files = (
			);
			runOnlyForDeploymentPostprocessing = 0;
		};
		74FEB56829A82881002BC574 /* Frameworks */ = {
			isa = PBXFrameworksBuildPhase;
			buildActionMask = 2147483647;
			files = (
			);
			runOnlyForDeploymentPostprocessing = 0;
		};
/* End PBXFrameworksBuildPhase section */

/* Begin PBXGroup section */
		74FEB54829A82881002BC574 = {
			isa = PBXGroup;
			children = (
				74FEB55329A82881002BC574 /* Sixt */,
				74FEB56429A82881002BC574 /* SixtTests */,
				74FEB56E29A82882002BC574 /* SixtUITests */,
				74FEB55229A82881002BC574 /* Products */,
			);
			sourceTree = "<group>";
		};
		74FEB55229A82881002BC574 /* Products */ = {
			isa = PBXGroup;
			children = (
				74FEB55129A82881002BC574 /* Sixt.app */,
				74FEB56129A82881002BC574 /* SixtTests.xctest */,
				74FEB56B29A82881002BC574 /* SixtUITests.xctest */,
			);
			name = Products;
			sourceTree = "<group>";
		};
		74FEB55329A82881002BC574 /* Sixt */ = {
			isa = PBXGroup;
			children = (
				74FEB55429A82881002BC574 /* SixtApp.swift */,
				74FEB55629A82881002BC574 /* ContentView.swift */,
				74FEB55829A82881002BC574 /* Assets.xcassets */,
				74FEB55A29A82881002BC574 /* Preview Content */,
			);
			path = Sixt;
			sourceTree = "<group>";
		};
		74FEB55A29A82881002BC574 /* Preview Content */ = {
			isa = PBXGroup;
			children = (
				74FEB55B29A82881002BC574 /* Preview Assets.xcassets */,
			);
			path = "Preview Content";
			sourceTree = "<group>";
		};
		74FEB56429A82881002BC574 /* SixtTests */ = {
			isa = PBXGroup;
			children = (
				74FEB56529A82881002BC574 /* SixtTests.swift */,
			);
			path = SixtTests;
			sourceTree = "<group>";
		};
		74FEB56E29A82882002BC574 /* SixtUITests */ = {
			isa = PBXGroup;
			children = (
				74FEB56F29A82882002BC574 /* SixtUITests.swift */,
				74FEB57129A82882002BC574 /* SixtUITestsLaunchTests.swift */,
			);
			path = SixtUITests;
			sourceTree = "<group>";
		};
/* End PBXGroup section */

/* Begin PBXNativeTarget section */
		74FEB55029A82881002BC574 /* Sixt */ = {
			isa = PBXNativeTarget;
			buildConfigurationList = 74FEB57529A82882002BC574 /* Build configuration list for PBXNativeTarget "Sixt" */;
			buildPhases = (
				74FEB54D29A82881002BC574 /* Sources */,
				74FEB54E29A82881002BC574 /* Frameworks */,
				74FEB54F29A82881002BC574 /* Resources */,
			);
			buildRules = (
			);
			dependencies = (
			);
			name = Sixt;
			productName = Sixt;
			productReference = 74FEB55129A82881002BC574 /* Sixt.app */;
			productType = "com.apple.product-type.application";
		};
		74FEB56029A82881002BC574 /* SixtTests */ = {
			isa = PBXNativeTarget;
			buildConfigurationList = 74FEB57829A82882002BC574 /* Build configuration list for PBXNativeTarget "SixtTests" */;
			buildPhases = (
				74FEB55D29A82881002BC574 /* Sources */,
				74FEB55E29A82881002BC574 /* Frameworks */,
				74FEB55F29A82881002BC574 /* Resources */,
			);
			buildRules = (
			);
			dependencies = (
				74FEB56329A82881002BC574 /* PBXTargetDependency */,
			);
			name = SixtTests;
			productName = SixtTests;
			productReference = 74FEB56129A82881002BC574 /* SixtTests.xctest */;
			productType = "com.apple.product-type.bundle.unit-test";
		};
		74FEB56A29A82881002BC574 /* SixtUITests */ = {
			isa = PBXNativeTarget;
			buildConfigurationList = 74FEB57B29A82882002BC574 /* Build configuration list for PBXNativeTarget "SixtUITests" */;
			buildPhases = (
				74FEB56729A82881002BC574 /* Sources */,
				74FEB56829A82881002BC574 /* Frameworks */,
				74FEB56929A82881002BC574 /* Resources */,
			);
			buildRules = (
			);
			dependencies = (
				74FEB56D29A82881002BC574 /* PBXTargetDependency */,
			);
			name = SixtUITests;
			productName = SixtUITests;
			productReference = 74FEB56B29A82881002BC574 /* SixtUITests.xctest */;
			productType = "com.apple.product-type.bundle.ui-testing";
		};
/* End PBXNativeTarget section */

/* Begin PBXProject section */
		74FEB54929A82881002BC574 /* Project object */ = {
			isa = PBXProject;
			attributes = {
				BuildIndependentTargetsInParallel = 1;
				LastSwiftUpdateCheck = 1420;
				LastUpgradeCheck = 1420;
				TargetAttributes = {
					74FEB55029A82881002BC574 = {
						CreatedOnToolsVersion = 14.2;
					};
					74FEB56029A82881002BC574 = {
						CreatedOnToolsVersion = 14.2;
						TestTargetID = 74FEB55029A82881002BC574;
					};
					74FEB56A29A82881002BC574 = {
						CreatedOnToolsVersion = 14.2;
						TestTargetID = 74FEB55029A82881002BC574;
					};
				};
			};
			buildConfigurationList = 74FEB54C29A82881002BC574 /* Build configuration list for PBXProject "Sixt" */;
			compatibilityVersion = "Xcode 14.0";
			developmentRegion = en;
			hasScannedForEncodings = 0;
			knownRegions = (
				en,
				Base,
			);
			mainGroup = 74FEB54829A82881002BC574;
			productRefGroup = 74FEB55229A82881002BC574 /* Products */;
			projectDirPath = "";
			projectRoot = "";
			targets = (
				74FEB55029A82881002BC574 /* Sixt */,
				74FEB56029A82881002BC574 /* SixtTests */,
				74FEB56A29A82881002BC574 /* SixtUITests */,
			);
		};
/* End PBXProject section */

/* Begin PBXResourcesBuildPhase section */
		74FEB54F29A82881002BC574 /* Resources */ = {
			isa = PBXResourcesBuildPhase;
			buildActionMask = 2147483647;
			files = (
				74FEB55C29A82881002BC574 /* Preview Assets.xcassets in Resources */,
				74FEB55929A82881002BC574 /* Assets.xcassets in Resources */,
			);
			runOnlyForDeploymentPostprocessing = 0;
		};
		74FEB55F29A82881002BC574 /* Resources */ = {
			isa = PBXResourcesBuildPhase;
			buildActionMask = 2147483647;
			files = (
			);
			runOnlyForDeploymentPostprocessing = 0;
		};
		74FEB56929A82881002BC574 /* Resources */ = {
			isa = PBXResourcesBuildPhase;
			buildActionMask = 2147483647;
			files = (
			);
			runOnlyForDeploymentPostprocessing = 0;
		};
/* End PBXResourcesBuildPhase section */

/* Begin PBXSourcesBuildPhase section */
		74FEB54D29A82881002BC574 /* Sources */ = {
			isa = PBXSourcesBuildPhase;
			buildActionMask = 2147483647;
			files = (
				74FEB55729A82881002BC574 /* ContentView.swift in Sources */,
				74FEB55529A82881002BC574 /* SixtApp.swift in Sources */,
			);
			runOnlyForDeploymentPostprocessing = 0;
		};
		74FEB55D29A82881002BC574 /* Sources */ = {
			isa = PBXSourcesBuildPhase;
			buildActionMask = 2147483647;
			files = (
				74FEB56629A82881002BC574 /* SixtTests.swift in Sources */,
			);
			runOnlyForDeploymentPostprocessing = 0;
		};
		74FEB56729A82881002BC574 /* Sources */ = {
			isa = PBXSourcesBuildPhase;
			buildActionMask = 2147483647;
			files = (
				74FEB57229A82882002BC574 /* SixtUITestsLaunchTests.swift in Sources */,
				74FEB57029A82882002BC574 /* SixtUITests.swift in Sources */,
			);
			runOnlyForDeploymentPostprocessing = 0;
		};
/* End PBXSourcesBuildPhase section */

/* Begin PBXTargetDependency section */
		74FEB56329A82881002BC574 /* PBXTargetDependency */ = {
			isa = PBXTargetDependency;
			target = 74FEB55029A82881002BC574 /* Sixt */;
			targetProxy = 74FEB56229A82881002BC574 /* PBXContainerItemProxy */;
		};
		74FEB56D29A82881002BC574 /* PBXTargetDependency */ = {
			isa = PBXTargetDependency;
			target = 74FEB55029A82881002BC574 /* Sixt */;
			targetProxy = 74FEB56C29A82881002BC574 /* PBXContainerItemProxy */;
		};
/* End PBXTargetDependency section */

/* Begin XCBuildConfiguration section */
		74FEB57329A82882002BC574 /* Debug */ = {
			isa = XCBuildConfiguration;
			buildSettings = {
				ALWAYS_SEARCH_USER_PATHS = NO;
				CLANG_ANALYZER_NONNULL = YES;
				CLANG_ANALYZER_NUMBER_OBJECT_CONVERSION = YES_AGGRESSIVE;
				CLANG_CXX_LANGUAGE_STANDARD = "gnu++20";
				CLANG_ENABLE_MODULES = YES;
				CLANG_ENABLE_OBJC_ARC = YES;
				CLANG_ENABLE_OBJC_WEAK = YES;
				CLANG_WARN_BLOCK_CAPTURE_AUTORELEASING = YES;
				CLANG_WARN_BOOL_CONVERSION = YES;
				CLANG_WARN_COMMA = YES;
				CLANG_WARN_CONSTANT_CONVERSION = YES;
				CLANG_WARN_DEPRECATED_OBJC_IMPLEMENTATIONS = YES;
				CLANG_WARN_DIRECT_OBJC_ISA_USAGE = YES_ERROR;
				CLANG_WARN_DOCUMENTATION_COMMENTS = YES;
				CLANG_WARN_EMPTY_BODY = YES;
				CLANG_WARN_ENUM_CONVERSION = YES;
				CLANG_WARN_INFINITE_RECURSION = YES;
				CLANG_WARN_INT_CONVERSION = YES;
				CLANG_WARN_NON_LITERAL_NULL_CONVERSION = YES;
				CLANG_WARN_OBJC_IMPLICIT_RETAIN_SELF = YES;
				CLANG_WARN_OBJC_LITERAL_CONVERSION = YES;
				CLANG_WARN_OBJC_ROOT_CLASS = YES_ERROR;
				CLANG_WARN_QUOTED_INCLUDE_IN_FRAMEWORK_HEADER = YES;
				CLANG_WARN_RANGE_LOOP_ANALYSIS = YES;
				CLANG_WARN_STRICT_PROTOTYPES = YES;
				CLANG_WARN_SUSPICIOUS_MOVE = YES;
				CLANG_WARN_UNGUARDED_AVAILABILITY = YES_AGGRESSIVE;
				CLANG_WARN_UNREACHABLE_CODE = YES;
				CLANG_WARN__DUPLICATE_METHOD_MATCH = YES;
				COPY_PHASE_STRIP = NO;
				DEBUG_INFORMATION_FORMAT = dwarf;
				ENABLE_STRICT_OBJC_MSGSEND = YES;
				ENABLE_TESTABILITY = YES;
				GCC_C_LANGUAGE_STANDARD = gnu11;
				GCC_DYNAMIC_NO_PIC = NO;
				GCC_NO_COMMON_BLOCKS = YES;
				GCC_OPTIMIZATION_LEVEL = 0;
				GCC_PREPROCESSOR_DEFINITIONS = (
					"DEBUG=1",
					"$(inherited)",
				);
				GCC_WARN_64_TO_32_BIT_CONVERSION = YES;
				GCC_WARN_ABOUT_RETURN_TYPE = YES_ERROR;
				GCC_WARN_UNDECLARED_SELECTOR = YES;
				GCC_WARN_UNINITIALIZED_AUTOS = YES_AGGRESSIVE;
				GCC_WARN_UNUSED_FUNCTION = YES;
				GCC_WARN_UNUSED_VARIABLE = YES;
				IPHONEOS_DEPLOYMENT_TARGET = 16.2;
				MTL_ENABLE_DEBUG_INFO = INCLUDE_SOURCE;
				MTL_FAST_MATH = YES;
				ONLY_ACTIVE_ARCH = YES;
				SDKROOT = iphoneos;
				SWIFT_ACTIVE_COMPILATION_CONDITIONS = DEBUG;
				SWIFT_OPTIMIZATION_LEVEL = "-Onone";
			};
			name = Debug;
		};
		74FEB57429A82882002BC574 /* Release */ = {
			isa = XCBuildConfiguration;
			buildSettings = {
				ALWAYS_SEARCH_USER_PATHS = NO;
				CLANG_ANALYZER_NONNULL = YES;
				CLANG_ANALYZER_NUMBER_OBJECT_CONVERSION = YES_AGGRESSIVE;
				CLANG_CXX_LANGUAGE_STANDARD = "gnu++20";
				CLANG_ENABLE_MODULES = YES;
				CLANG_ENABLE_OBJC_ARC = YES;
				CLANG_ENABLE_OBJC_WEAK = YES;
				CLANG_WARN_BLOCK_CAPTURE_AUTORELEASING = YES;
				CLANG_WARN_BOOL_CONVERSION = YES;
				CLANG_WARN_COMMA = YES;
				CLANG_WARN_CONSTANT_CONVERSION = YES;
				CLANG_WARN_DEPRECATED_OBJC_IMPLEMENTATIONS = YES;
				CLANG_WARN_DIRECT_OBJC_ISA_USAGE = YES_ERROR;
				CLANG_WARN_DOCUMENTATION_COMMENTS = YES;
				CLANG_WARN_EMPTY_BODY = YES;
				CLANG_WARN_ENUM_CONVERSION = YES;
				CLANG_WARN_INFINITE_RECURSION = YES;
				CLANG_WARN_INT_CONVERSION = YES;
				CLANG_WARN_NON_LITERAL_NULL_CONVERSION = YES;
				CLANG_WARN_OBJC_IMPLICIT_RETAIN_SELF = YES;
				CLANG_WARN_OBJC_LITERAL_CONVERSION = YES;
				CLANG_WARN_OBJC_ROOT_CLASS = YES_ERROR;
				CLANG_WARN_QUOTED_INCLUDE_IN_FRAMEWORK_HEADER = YES;
				CLANG_WARN_RANGE_LOOP_ANALYSIS = YES;
				CLANG_WARN_STRICT_PROTOTYPES = YES;
				CLANG_WARN_SUSPICIOUS_MOVE = YES;
				CLANG_WARN_UNGUARDED_AVAILABILITY = YES_AGGRESSIVE;
				CLANG_WARN_UNREACHABLE_CODE = YES;
				CLANG_WARN__DUPLICATE_METHOD_MATCH = YES;
				COPY_PHASE_STRIP = NO;
				DEBUG_INFORMATION_FORMAT = "dwarf-with-dsym";
				ENABLE_NS_ASSERTIONS = NO;
				ENABLE_STRICT_OBJC_MSGSEND = YES;
				GCC_C_LANGUAGE_STANDARD = gnu11;
				GCC_NO_COMMON_BLOCKS = YES;
				GCC_WARN_64_TO_32_BIT_CONVERSION = YES;
				GCC_WARN_ABOUT_RETURN_TYPE = YES_ERROR;
				GCC_WARN_UNDECLARED_SELECTOR = YES;
				GCC_WARN_UNINITIALIZED_AUTOS = YES_AGGRESSIVE;
				GCC_WARN_UNUSED_FUNCTION = YES;
				GCC_WARN_UNUSED_VARIABLE = YES;
				IPHONEOS_DEPLOYMENT_TARGET = 16.2;
				MTL_ENABLE_DEBUG_INFO = NO;
				MTL_FAST_MATH = YES;
				SDKROOT = iphoneos;
				SWIFT_COMPILATION_MODE = wholemodule;
				SWIFT_OPTIMIZATION_LEVEL = "-O";
				VALIDATE_PRODUCT = YES;
			};
			name = Release;
		};
		74FEB57629A82882002BC574 /* Debug */ = {
			isa = XCBuildConfiguration;
			buildSettings = {
				ASSETCATALOG_COMPILER_APPICON_NAME = AppIcon;
				ASSETCATALOG_COMPILER_GLOBAL_ACCENT_COLOR_NAME = AccentColor;
				CODE_SIGN_STYLE = Automatic;
				CURRENT_PROJECT_VERSION = 1;
				DEVELOPMENT_ASSET_PATHS = "\"Sixt/Preview Content\"";
				DEVELOPMENT_TEAM = 9V44N95U7Z;
				ENABLE_PREVIEWS = YES;
				GENERATE_INFOPLIST_FILE = YES;
				INFOPLIST_KEY_UIApplicationSceneManifest_Generation = YES;
				INFOPLIST_KEY_UIApplicationSupportsIndirectInputEvents = YES;
				INFOPLIST_KEY_UILaunchScreen_Generation = YES;
				INFOPLIST_KEY_UISupportedInterfaceOrientations_iPad = "UIInterfaceOrientationPortrait UIInterfaceOrientationPortraitUpsideDown UIInterfaceOrientationLandscapeLeft UIInterfaceOrientationLandscapeRight";
				INFOPLIST_KEY_UISupportedInterfaceOrientations_iPhone = "UIInterfaceOrientationPortrait UIInterfaceOrientationLandscapeLeft UIInterfaceOrientationLandscapeRight";
				LD_RUNPATH_SEARCH_PATHS = (
					"$(inherited)",
					"@executable_path/Frameworks",
				);
				MARKETING_VERSION = 1.0;
				PRODUCT_BUNDLE_IDENTIFIER = macrosystems.Sixt;
				PRODUCT_NAME = "$(TARGET_NAME)";
				SWIFT_EMIT_LOC_STRINGS = YES;
				SWIFT_VERSION = 5.0;
				TARGETED_DEVICE_FAMILY = "1,2";
			};
			name = Debug;
		};
		74FEB57729A82882002BC574 /* Release */ = {
			isa = XCBuildConfiguration;
			buildSettings = {
				ASSETCATALOG_COMPILER_APPICON_NAME = AppIcon;
				ASSETCATALOG_COMPILER_GLOBAL_ACCENT_COLOR_NAME = AccentColor;
				CODE_SIGN_STYLE = Automatic;
				CURRENT_PROJECT_VERSION = 1;
				DEVELOPMENT_ASSET_PATHS = "\"Sixt/Preview Content\"";
				DEVELOPMENT_TEAM = 9V44N95U7Z;
				ENABLE_PREVIEWS = YES;
				GENERATE_INFOPLIST_FILE = YES;
				INFOPLIST_KEY_UIApplicationSceneManifest_Generation = YES;
				INFOPLIST_KEY_UIApplicationSupportsIndirectInputEvents = YES;
				INFOPLIST_KEY_UILaunchScreen_Generation = YES;
				INFOPLIST_KEY_UISupportedInterfaceOrientations_iPad = "UIInterfaceOrientationPortrait UIInterfaceOrientationPortraitUpsideDown UIInterfaceOrientationLandscapeLeft UIInterfaceOrientationLandscapeRight";
				INFOPLIST_KEY_UISupportedInterfaceOrientations_iPhone = "UIInterfaceOrientationPortrait UIInterfaceOrientationLandscapeLeft UIInterfaceOrientationLandscapeRight";
				LD_RUNPATH_SEARCH_PATHS = (
					"$(inherited)",
					"@executable_path/Frameworks",
				);
				MARKETING_VERSION = 1.0;
				PRODUCT_BUNDLE_IDENTIFIER = macrosystems.Sixt;
				PRODUCT_NAME = "$(TARGET_NAME)";
				SWIFT_EMIT_LOC_STRINGS = YES;
				SWIFT_VERSION = 5.0;
				TARGETED_DEVICE_FAMILY = "1,2";
			};
			name = Release;
		};
		74FEB57929A82882002BC574 /* Debug */ = {
			isa = XCBuildConfiguration;
			buildSettings = {
				ALWAYS_EMBED_SWIFT_STANDARD_LIBRARIES = YES;
				BUNDLE_LOADER = "$(TEST_HOST)";
				CODE_SIGN_STYLE = Automatic;
				CURRENT_PROJECT_VERSION = 1;
				DEVELOPMENT_TEAM = 9V44N95U7Z;
				GENERATE_INFOPLIST_FILE = YES;
				IPHONEOS_DEPLOYMENT_TARGET = 16.2;
				MARKETING_VERSION = 1.0;
				PRODUCT_BUNDLE_IDENTIFIER = macrosystems.SixtTests;
				PRODUCT_NAME = "$(TARGET_NAME)";
				SWIFT_EMIT_LOC_STRINGS = NO;
				SWIFT_VERSION = 5.0;
				TARGETED_DEVICE_FAMILY = "1,2";
				TEST_HOST = "$(BUILT_PRODUCTS_DIR)/Sixt.app/$(BUNDLE_EXECUTABLE_FOLDER_PATH)/Sixt";
			};
			name = Debug;
		};
		74FEB57A29A82882002BC574 /* Release */ = {
			isa = XCBuildConfiguration;
			buildSettings = {
				ALWAYS_EMBED_SWIFT_STANDARD_LIBRARIES = YES;
				BUNDLE_LOADER = "$(TEST_HOST)";
				CODE_SIGN_STYLE = Automatic;
				CURRENT_PROJECT_VERSION = 1;
				DEVELOPMENT_TEAM = 9V44N95U7Z;
				GENERATE_INFOPLIST_FILE = YES;
				IPHONEOS_DEPLOYMENT_TARGET = 16.2;
				MARKETING_VERSION = 1.0;
				PRODUCT_BUNDLE_IDENTIFIER = macrosystems.SixtTests;
				PRODUCT_NAME = "$(TARGET_NAME)";
				SWIFT_EMIT_LOC_STRINGS = NO;
				SWIFT_VERSION = 5.0;
				TARGETED_DEVICE_FAMILY = "1,2";
				TEST_HOST = "$(BUILT_PRODUCTS_DIR)/Sixt.app/$(BUNDLE_EXECUTABLE_FOLDER_PATH)/Sixt";
			};
			name = Release;
		};
		74FEB57C29A82882002BC574 /* Debug */ = {
			isa = XCBuildConfiguration;
			buildSettings = {
				ALWAYS_EMBED_SWIFT_STANDARD_LIBRARIES = YES;
				CODE_SIGN_STYLE = Automatic;
				CURRENT_PROJECT_VERSION = 1;
				DEVELOPMENT_TEAM = 9V44N95U7Z;
				GENERATE_INFOPLIST_FILE = YES;
				MARKETING_VERSION = 1.0;
				PRODUCT_BUNDLE_IDENTIFIER = macrosystems.SixtUITests;
				PRODUCT_NAME = "$(TARGET_NAME)";
				SWIFT_EMIT_LOC_STRINGS = NO;
				SWIFT_VERSION = 5.0;
				TARGETED_DEVICE_FAMILY = "1,2";
				TEST_TARGET_NAME = Sixt;
			};
			name = Debug;
		};
		74FEB57D29A82882002BC574 /* Release */ = {
			isa = XCBuildConfiguration;
			buildSettings = {
				ALWAYS_EMBED_SWIFT_STANDARD_LIBRARIES = YES;
				CODE_SIGN_STYLE = Automatic;
				CURRENT_PROJECT_VERSION = 1;
				DEVELOPMENT_TEAM = 9V44N95U7Z;
				GENERATE_INFOPLIST_FILE = YES;
				MARKETING_VERSION = 1.0;
				PRODUCT_BUNDLE_IDENTIFIER = macrosystems.SixtUITests;
				PRODUCT_NAME = "$(TARGET_NAME)";
				SWIFT_EMIT_LOC_STRINGS = NO;
				SWIFT_VERSION = 5.0;
				TARGETED_DEVICE_FAMILY = "1,2";
				TEST_TARGET_NAME = Sixt;
			};
			name = Release;
		};
/* End XCBuildConfiguration section */

/* Begin XCConfigurationList section */
		74FEB54C29A82881002BC574 /* Build configuration list for PBXProject "Sixt" */ = {
			isa = XCConfigurationList;
			buildConfigurations = (
				74FEB57329A82882002BC574 /* Debug */,
				74FEB57429A82882002BC574 /* Release */,
			);
			defaultConfigurationIsVisible = 0;
			defaultConfigurationName = Release;
		};
		74FEB57529A82882002BC574 /* Build configuration list for PBXNativeTarget "Sixt" */ = {
			isa = XCConfigurationList;
			buildConfigurations = (
				74FEB57629A82882002BC574 /* Debug */,
				74FEB57729A82882002BC574 /* Release */,
			);
			defaultConfigurationIsVisible = 0;
			defaultConfigurationName = Release;
		};
		74FEB57829A82882002BC574 /* Build configuration list for PBXNativeTarget "SixtTests" */ = {
			isa = XCConfigurationList;
			buildConfigurations = (
				74FEB57929A82882002BC574 /* Debug */,
				74FEB57A29A82882002BC574 /* Release */,
			);
			defaultConfigurationIsVisible = 0;
			defaultConfigurationName = Release;
		};
		74FEB57B29A82882002BC574 /* Build configuration list for PBXNativeTarget "SixtUITests" */ = {
			isa = XCConfigurationList;
			buildConfigurations = (
				74FEB57C29A82882002BC574 /* Debug */,
				74FEB57D29A82882002BC574 /* Release */,
			);
			defaultConfigurationIsVisible = 0;
			defaultConfigurationName = Release;
		};
/* End XCConfigurationList section */
	};
	rootObject = 74FEB54929A82881002BC574 /* Project object */;
}
