// !$*UTF8*$!
{
	archiveVersion = 1;
	classes = {
	};
	objectVersion = 56;
	objects = {

/* Begin PBXBuildFile section */
		74370AFF29ACDA9400DE47D4 /* Car.xcdatamodeld in Sources */ = {isa = PBXBuildFile; fileRef = 74370AFD29ACDA9400DE47D4 /* Car.xcdatamodeld */; };
		74370B0129ACDD4C00DE47D4 /* CarsDao.swift in Sources */ = {isa = PBXBuildFile; fileRef = 74370B0029ACDD4C00DE47D4 /* CarsDao.swift */; };
		74370B0329ACF2DC00DE47D4 /* LocalResponse.swift in Sources */ = {isa = PBXBuildFile; fileRef = 74370B0229ACF2DC00DE47D4 /* LocalResponse.swift */; };
		74370B0529ACFFAD00DE47D4 /* SequenceEx.swift in Sources */ = {isa = PBXBuildFile; fileRef = 74370B0429ACFFAD00DE47D4 /* SequenceEx.swift */; };
		7472FFF829AD5FE900662796 /* CarModelCustomEntity.swift in Sources */ = {isa = PBXBuildFile; fileRef = 7472FFF729AD5FE900662796 /* CarModelCustomEntity.swift */; };
		7485976529AE28F20076F3F6 /* CarsModelCustomArrayEntity.swift in Sources */ = {isa = PBXBuildFile; fileRef = 7485976429AE28F20076F3F6 /* CarsModelCustomArrayEntity.swift */; };
		74F27F4629A8C9A10004FEEB /* CarListViewComponent.swift in Sources */ = {isa = PBXBuildFile; fileRef = 74F27F4529A8C9A10004FEEB /* CarListViewComponent.swift */; };
		74F27F4829A8CB8B0004FEEB /* CarMapViewComponent.swift in Sources */ = {isa = PBXBuildFile; fileRef = 74F27F4729A8CB8B0004FEEB /* CarMapViewComponent.swift */; };
		74F27F5129ACC9CC0004FEEB /* CarsLocalDatabaseImpl.swift in Sources */ = {isa = PBXBuildFile; fileRef = 74F27F5029ACC9CC0004FEEB /* CarsLocalDatabaseImpl.swift */; };
		74FEB55529A82881002BC574 /* SixtApp.swift in Sources */ = {isa = PBXBuildFile; fileRef = 74FEB55429A82881002BC574 /* SixtApp.swift */; };
		74FEB55929A82881002BC574 /* Assets.xcassets in Resources */ = {isa = PBXBuildFile; fileRef = 74FEB55829A82881002BC574 /* Assets.xcassets */; };
		74FEB55C29A82881002BC574 /* Preview Assets.xcassets in Resources */ = {isa = PBXBuildFile; fileRef = 74FEB55B29A82881002BC574 /* Preview Assets.xcassets */; };
		74FEB56629A82881002BC574 /* SixtTests.swift in Sources */ = {isa = PBXBuildFile; fileRef = 74FEB56529A82881002BC574 /* SixtTests.swift */; };
		74FEB57029A82882002BC574 /* SixtUITests.swift in Sources */ = {isa = PBXBuildFile; fileRef = 74FEB56F29A82882002BC574 /* SixtUITests.swift */; };
		74FEB57229A82882002BC574 /* SixtUITestsLaunchTests.swift in Sources */ = {isa = PBXBuildFile; fileRef = 74FEB57129A82882002BC574 /* SixtUITestsLaunchTests.swift */; };
		74FEB58229A82889002BC574 /* ColorEx.swift in Sources */ = {isa = PBXBuildFile; fileRef = 74FEB58029A82889002BC574 /* ColorEx.swift */; };
		74FEB58529A8288D002BC574 /* GetCarList.swift in Sources */ = {isa = PBXBuildFile; fileRef = 74FEB58429A8288D002BC574 /* GetCarList.swift */; };
		74FEB58A29A82892002BC574 /* CarModel.swift in Sources */ = {isa = PBXBuildFile; fileRef = 74FEB58729A82892002BC574 /* CarModel.swift */; };
		74FEB58B29A82892002BC574 /* ResponseSource.swift in Sources */ = {isa = PBXBuildFile; fileRef = 74FEB58829A82892002BC574 /* ResponseSource.swift */; };
		74FEB58C29A82892002BC574 /* CarService.swift in Sources */ = {isa = PBXBuildFile; fileRef = 74FEB58929A82892002BC574 /* CarService.swift */; };
		74FEB59F29A82897002BC574 /* CarListViewModel.swift in Sources */ = {isa = PBXBuildFile; fileRef = 74FEB58F29A82897002BC574 /* CarListViewModel.swift */; };
		74FEB5A029A82897002BC574 /* CarItem.swift in Sources */ = {isa = PBXBuildFile; fileRef = 74FEB59029A82897002BC574 /* CarItem.swift */; };
		74FEB5A129A82897002BC574 /* CarInfoScreen.swift in Sources */ = {isa = PBXBuildFile; fileRef = 74FEB59229A82897002BC574 /* CarInfoScreen.swift */; };
		74FEB5A229A82897002BC574 /* InfoRow.swift in Sources */ = {isa = PBXBuildFile; fileRef = 74FEB59329A82897002BC574 /* InfoRow.swift */; };
		74FEB5A329A82897002BC574 /* CarListScreen.swift in Sources */ = {isa = PBXBuildFile; fileRef = 74FEB59429A82897002BC574 /* CarListScreen.swift */; };
		74FEB5A429A82897002BC574 /* CarMapViewModel.swift in Sources */ = {isa = PBXBuildFile; fileRef = 74FEB59629A82897002BC574 /* CarMapViewModel.swift */; };
		74FEB5A529A82897002BC574 /* CarMapScreen.swift in Sources */ = {isa = PBXBuildFile; fileRef = 74FEB59729A82897002BC574 /* CarMapScreen.swift */; };
		74FEB5A629A82897002BC574 /* WelcomeScreen.swift in Sources */ = {isa = PBXBuildFile; fileRef = 74FEB59929A82897002BC574 /* WelcomeScreen.swift */; };
		74FEB5A729A82897002BC574 /* CarLocation.swift in Sources */ = {isa = PBXBuildFile; fileRef = 74FEB59B29A82897002BC574 /* CarLocation.swift */; };
		74FEB5A829A82897002BC574 /* Car.swift in Sources */ = {isa = PBXBuildFile; fileRef = 74FEB59C29A82897002BC574 /* Car.swift */; };
		74FEB5A929A82897002BC574 /* TabNavigation.swift in Sources */ = {isa = PBXBuildFile; fileRef = 74FEB59E29A82897002BC574 /* TabNavigation.swift */; };
/* End PBXBuildFile section */

/* Begin PBXContainerItemProxy section */
		74FEB56229A82881002BC574 /* PBXContainerItemProxy */ = {
			isa = PBXContainerItemProxy;
			containerPortal = 74FEB54929A82881002BC574 /* Project object */;
			proxyType = 1;
			remoteGlobalIDString = 74FEB55029A82881002BC574;
			remoteInfo = Sixt;
		};
		74FEB56C29A82881002BC574 /* PBXContainerItemProxy */ = {
			isa = PBXContainerItemProxy;
			containerPortal = 74FEB54929A82881002BC574 /* Project object */;
			proxyType = 1;
			remoteGlobalIDString = 74FEB55029A82881002BC574;
			remoteInfo = Sixt;
		};
/* End PBXContainerItemProxy section */

/* Begin PBXFileReference section */
		74370AFE29ACDA9400DE47D4 /* Car.xcdatamodel */ = {isa = PBXFileReference; lastKnownFileType = wrapper.xcdatamodel; path = Car.xcdatamodel; sourceTree = "<group>"; };
		74370B0029ACDD4C00DE47D4 /* CarsDao.swift */ = {isa = PBXFileReference; lastKnownFileType = sourcecode.swift; path = CarsDao.swift; sourceTree = "<group>"; };
		74370B0229ACF2DC00DE47D4 /* LocalResponse.swift */ = {isa = PBXFileReference; lastKnownFileType = sourcecode.swift; path = LocalResponse.swift; sourceTree = "<group>"; };
		74370B0429ACFFAD00DE47D4 /* SequenceEx.swift */ = {isa = PBXFileReference; lastKnownFileType = sourcecode.swift; path = SequenceEx.swift; sourceTree = "<group>"; };
		7472FFF729AD5FE900662796 /* CarModelCustomEntity.swift */ = {isa = PBXFileReference; lastKnownFileType = sourcecode.swift; path = CarModelCustomEntity.swift; sourceTree = "<group>"; };
		7485976429AE28F20076F3F6 /* CarsModelCustomArrayEntity.swift */ = {isa = PBXFileReference; lastKnownFileType = sourcecode.swift; path = CarsModelCustomArrayEntity.swift; sourceTree = "<group>"; };
		74F27F4529A8C9A10004FEEB /* CarListViewComponent.swift */ = {isa = PBXFileReference; lastKnownFileType = sourcecode.swift; path = CarListViewComponent.swift; sourceTree = "<group>"; };
		74F27F4729A8CB8B0004FEEB /* CarMapViewComponent.swift */ = {isa = PBXFileReference; lastKnownFileType = sourcecode.swift; path = CarMapViewComponent.swift; sourceTree = "<group>"; };
		74F27F5029ACC9CC0004FEEB /* CarsLocalDatabaseImpl.swift */ = {isa = PBXFileReference; lastKnownFileType = sourcecode.swift; path = CarsLocalDatabaseImpl.swift; sourceTree = "<group>"; };
		74FEB55129A82881002BC574 /* Sixt.app */ = {isa = PBXFileReference; explicitFileType = wrapper.application; includeInIndex = 0; path = Sixt.app; sourceTree = BUILT_PRODUCTS_DIR; };
		74FEB55429A82881002BC574 /* SixtApp.swift */ = {isa = PBXFileReference; lastKnownFileType = sourcecode.swift; path = SixtApp.swift; sourceTree = "<group>"; };
		74FEB55829A82881002BC574 /* Assets.xcassets */ = {isa = PBXFileReference; lastKnownFileType = folder.assetcatalog; path = Assets.xcassets; sourceTree = "<group>"; };
		74FEB55B29A82881002BC574 /* Preview Assets.xcassets */ = {isa = PBXFileReference; lastKnownFileType = folder.assetcatalog; path = "Preview Assets.xcassets"; sourceTree = "<group>"; };
		74FEB56129A82881002BC574 /* SixtTests.xctest */ = {isa = PBXFileReference; explicitFileType = wrapper.cfbundle; includeInIndex = 0; path = SixtTests.xctest; sourceTree = BUILT_PRODUCTS_DIR; };
		74FEB56529A82881002BC574 /* SixtTests.swift */ = {isa = PBXFileReference; lastKnownFileType = sourcecode.swift; path = SixtTests.swift; sourceTree = "<group>"; };
		74FEB56B29A82881002BC574 /* SixtUITests.xctest */ = {isa = PBXFileReference; explicitFileType = wrapper.cfbundle; includeInIndex = 0; path = SixtUITests.xctest; sourceTree = BUILT_PRODUCTS_DIR; };
		74FEB56F29A82882002BC574 /* SixtUITests.swift */ = {isa = PBXFileReference; lastKnownFileType = sourcecode.swift; path = SixtUITests.swift; sourceTree = "<group>"; };
		74FEB57129A82882002BC574 /* SixtUITestsLaunchTests.swift */ = {isa = PBXFileReference; lastKnownFileType = sourcecode.swift; path = SixtUITestsLaunchTests.swift; sourceTree = "<group>"; };
		74FEB58029A82889002BC574 /* ColorEx.swift */ = {isa = PBXFileReference; fileEncoding = 4; lastKnownFileType = sourcecode.swift; path = ColorEx.swift; sourceTree = "<group>"; };
		74FEB58429A8288D002BC574 /* GetCarList.swift */ = {isa = PBXFileReference; fileEncoding = 4; lastKnownFileType = sourcecode.swift; path = GetCarList.swift; sourceTree = "<group>"; };
		74FEB58729A82892002BC574 /* CarModel.swift */ = {isa = PBXFileReference; fileEncoding = 4; lastKnownFileType = sourcecode.swift; path = CarModel.swift; sourceTree = "<group>"; };
		74FEB58829A82892002BC574 /* ResponseSource.swift */ = {isa = PBXFileReference; fileEncoding = 4; lastKnownFileType = sourcecode.swift; path = ResponseSource.swift; sourceTree = "<group>"; };
		74FEB58929A82892002BC574 /* CarService.swift */ = {isa = PBXFileReference; fileEncoding = 4; lastKnownFileType = sourcecode.swift; path = CarService.swift; sourceTree = "<group>"; };
		74FEB58F29A82897002BC574 /* CarListViewModel.swift */ = {isa = PBXFileReference; fileEncoding = 4; lastKnownFileType = sourcecode.swift; path = CarListViewModel.swift; sourceTree = "<group>"; };
		74FEB59029A82897002BC574 /* CarItem.swift */ = {isa = PBXFileReference; fileEncoding = 4; lastKnownFileType = sourcecode.swift; path = CarItem.swift; sourceTree = "<group>"; };
		74FEB59229A82897002BC574 /* CarInfoScreen.swift */ = {isa = PBXFileReference; fileEncoding = 4; lastKnownFileType = sourcecode.swift; path = CarInfoScreen.swift; sourceTree = "<group>"; };
		74FEB59329A82897002BC574 /* InfoRow.swift */ = {isa = PBXFileReference; fileEncoding = 4; lastKnownFileType = sourcecode.swift; path = InfoRow.swift; sourceTree = "<group>"; };
		74FEB59429A82897002BC574 /* CarListScreen.swift */ = {isa = PBXFileReference; fileEncoding = 4; lastKnownFileType = sourcecode.swift; path = CarListScreen.swift; sourceTree = "<group>"; };
		74FEB59629A82897002BC574 /* CarMapViewModel.swift */ = {isa = PBXFileReference; fileEncoding = 4; lastKnownFileType = sourcecode.swift; path = CarMapViewModel.swift; sourceTree = "<group>"; };
		74FEB59729A82897002BC574 /* CarMapScreen.swift */ = {isa = PBXFileReference; fileEncoding = 4; lastKnownFileType = sourcecode.swift; path = CarMapScreen.swift; sourceTree = "<group>"; };
		74FEB59929A82897002BC574 /* WelcomeScreen.swift */ = {isa = PBXFileReference; fileEncoding = 4; lastKnownFileType = sourcecode.swift; path = WelcomeScreen.swift; sourceTree = "<group>"; };
		74FEB59B29A82897002BC574 /* CarLocation.swift */ = {isa = PBXFileReference; fileEncoding = 4; lastKnownFileType = sourcecode.swift; path = CarLocation.swift; sourceTree = "<group>"; };
		74FEB59C29A82897002BC574 /* Car.swift */ = {isa = PBXFileReference; fileEncoding = 4; lastKnownFileType = sourcecode.swift; path = Car.swift; sourceTree = "<group>"; };
		74FEB59E29A82897002BC574 /* TabNavigation.swift */ = {isa = PBXFileReference; fileEncoding = 4; lastKnownFileType = sourcecode.swift; path = TabNavigation.swift; sourceTree = "<group>"; };
/* End PBXFileReference section */

/* Begin PBXFrameworksBuildPhase section */
		74FEB54E29A82881002BC574 /* Frameworks */ = {
			isa = PBXFrameworksBuildPhase;
			buildActionMask = 2147483647;
			files = (
			);
			runOnlyForDeploymentPostprocessing = 0;
		};
		74FEB55E29A82881002BC574 /* Frameworks */ = {
			isa = PBXFrameworksBuildPhase;
			buildActionMask = 2147483647;
			files = (
			);
			runOnlyForDeploymentPostprocessing = 0;
		};
		74FEB56829A82881002BC574 /* Frameworks */ = {
			isa = PBXFrameworksBuildPhase;
			buildActionMask = 2147483647;
			files = (
			);
			runOnlyForDeploymentPostprocessing = 0;
		};
/* End PBXFrameworksBuildPhase section */

/* Begin PBXGroup section */
		74F27F4E29ACC9A60004FEEB /* local */ = {
			isa = PBXGroup;
			children = (
				74F27F5029ACC9CC0004FEEB /* CarsLocalDatabaseImpl.swift */,
				74370AFD29ACDA9400DE47D4 /* Car.xcdatamodeld */,
				74370B0029ACDD4C00DE47D4 /* CarsDao.swift */,
				74370B0229ACF2DC00DE47D4 /* LocalResponse.swift */,
				7472FFF729AD5FE900662796 /* CarModelCustomEntity.swift */,
				7485976429AE28F20076F3F6 /* CarsModelCustomArrayEntity.swift */,
			);
			path = local;
			sourceTree = "<group>";
		};
		74F27F4F29ACC9AE0004FEEB /* network */ = {
			isa = PBXGroup;
			children = (
				74FEB5AA29A829CD002BC574 /* model */,
				74FEB58829A82892002BC574 /* ResponseSource.swift */,
				74FEB58929A82892002BC574 /* CarService.swift */,
			);
			path = network;
			sourceTree = "<group>";
		};
		74FEB54829A82881002BC574 = {
			isa = PBXGroup;
			children = (
				74FEB55329A82881002BC574 /* Sixt */,
				74FEB56429A82881002BC574 /* SixtTests */,
				74FEB56E29A82882002BC574 /* SixtUITests */,
				74FEB55229A82881002BC574 /* Products */,
			);
			sourceTree = "<group>";
		};
		74FEB55229A82881002BC574 /* Products */ = {
			isa = PBXGroup;
			children = (
				74FEB55129A82881002BC574 /* Sixt.app */,
				74FEB56129A82881002BC574 /* SixtTests.xctest */,
				74FEB56B29A82881002BC574 /* SixtUITests.xctest */,
			);
			name = Products;
			sourceTree = "<group>";
		};
		74FEB55329A82881002BC574 /* Sixt */ = {
			isa = PBXGroup;
			children = (
				74FEB58D29A82897002BC574 /* UI */,
				74FEB58629A82892002BC574 /* data */,
				74FEB58329A8288D002BC574 /* domain */,
				74FEB57E29A82889002BC574 /* core */,
				74FEB55429A82881002BC574 /* SixtApp.swift */,
				74FEB55829A82881002BC574 /* Assets.xcassets */,
				74FEB55A29A82881002BC574 /* Preview Content */,
			);
			path = Sixt;
			sourceTree = "<group>";
		};
		74FEB55A29A82881002BC574 /* Preview Content */ = {
			isa = PBXGroup;
			children = (
				74FEB55B29A82881002BC574 /* Preview Assets.xcassets */,
			);
			path = "Preview Content";
			sourceTree = "<group>";
		};
		74FEB56429A82881002BC574 /* SixtTests */ = {
			isa = PBXGroup;
			children = (
				74FEB56529A82881002BC574 /* SixtTests.swift */,
			);
			path = SixtTests;
			sourceTree = "<group>";
		};
		74FEB56E29A82882002BC574 /* SixtUITests */ = {
			isa = PBXGroup;
			children = (
				74FEB56F29A82882002BC574 /* SixtUITests.swift */,
				74FEB57129A82882002BC574 /* SixtUITestsLaunchTests.swift */,
			);
			path = SixtUITests;
			sourceTree = "<group>";
		};
		74FEB57E29A82889002BC574 /* core */ = {
			isa = PBXGroup;
			children = (
				74FEB58029A82889002BC574 /* ColorEx.swift */,
				74370B0429ACFFAD00DE47D4 /* SequenceEx.swift */,
			);
			path = core;
			sourceTree = "<group>";
		};
		74FEB58329A8288D002BC574 /* domain */ = {
			isa = PBXGroup;
			children = (
				74FEB58429A8288D002BC574 /* GetCarList.swift */,
			);
			path = domain;
			sourceTree = "<group>";
		};
		74FEB58629A82892002BC574 /* data */ = {
			isa = PBXGroup;
			children = (
				74F27F4F29ACC9AE0004FEEB /* network */,
				74F27F4E29ACC9A60004FEEB /* local */,
			);
			path = data;
			sourceTree = "<group>";
		};
		74FEB58D29A82897002BC574 /* UI */ = {
			isa = PBXGroup;
			children = (
				74FEB58E29A82897002BC574 /* carlist */,
				74FEB59529A82897002BC574 /* carmap */,
				74FEB59829A82897002BC574 /* welcome */,
				74FEB59A29A82897002BC574 /* model */,
				74FEB59D29A82897002BC574 /* nav */,
			);
			path = UI;
			sourceTree = "<group>";
		};
		74FEB58E29A82897002BC574 /* carlist */ = {
			isa = PBXGroup;
			children = (
				74FEB58F29A82897002BC574 /* CarListViewModel.swift */,
				74FEB59029A82897002BC574 /* CarItem.swift */,
				74FEB59129A82897002BC574 /* info */,
				74FEB59429A82897002BC574 /* CarListScreen.swift */,
				74F27F4529A8C9A10004FEEB /* CarListViewComponent.swift */,
			);
			path = carlist;
			sourceTree = "<group>";
		};
		74FEB59129A82897002BC574 /* info */ = {
			isa = PBXGroup;
			children = (
				74FEB59229A82897002BC574 /* CarInfoScreen.swift */,
				74FEB59329A82897002BC574 /* InfoRow.swift */,
			);
			path = info;
			sourceTree = "<group>";
		};
		74FEB59529A82897002BC574 /* carmap */ = {
			isa = PBXGroup;
			children = (
				74FEB59629A82897002BC574 /* CarMapViewModel.swift */,
				74FEB59729A82897002BC574 /* CarMapScreen.swift */,
				74F27F4729A8CB8B0004FEEB /* CarMapViewComponent.swift */,
			);
			path = carmap;
			sourceTree = "<group>";
		};
		74FEB59829A82897002BC574 /* welcome */ = {
			isa = PBXGroup;
			children = (
				74FEB59929A82897002BC574 /* WelcomeScreen.swift */,
			);
			path = welcome;
			sourceTree = "<group>";
		};
		74FEB59A29A82897002BC574 /* model */ = {
			isa = PBXGroup;
			children = (
				74FEB59B29A82897002BC574 /* CarLocation.swift */,
				74FEB59C29A82897002BC574 /* Car.swift */,
			);
			path = model;
			sourceTree = "<group>";
		};
		74FEB59D29A82897002BC574 /* nav */ = {
			isa = PBXGroup;
			children = (
				74FEB59E29A82897002BC574 /* TabNavigation.swift */,
			);
			path = nav;
			sourceTree = "<group>";
		};
		74FEB5AA29A829CD002BC574 /* model */ = {
			isa = PBXGroup;
			children = (
				74FEB58729A82892002BC574 /* CarModel.swift */,
			);
			path = model;
			sourceTree = "<group>";
		};
/* End PBXGroup section */

/* Begin PBXNativeTarget section */
		74FEB55029A82881002BC574 /* Sixt */ = {
			isa = PBXNativeTarget;
			buildConfigurationList = 74FEB57529A82882002BC574 /* Build configuration list for PBXNativeTarget "Sixt" */;
			buildPhases = (
				74FEB54D29A82881002BC574 /* Sources */,
				74FEB54E29A82881002BC574 /* Frameworks */,
				74FEB54F29A82881002BC574 /* Resources */,
			);
			buildRules = (
			);
			dependencies = (
			);
			name = Sixt;
			productName = Sixt;
			productReference = 74FEB55129A82881002BC574 /* Sixt.app */;
			productType = "com.apple.product-type.application";
		};
		74FEB56029A82881002BC574 /* SixtTests */ = {
			isa = PBXNativeTarget;
			buildConfigurationList = 74FEB57829A82882002BC574 /* Build configuration list for PBXNativeTarget "SixtTests" */;
			buildPhases = (
				74FEB55D29A82881002BC574 /* Sources */,
				74FEB55E29A82881002BC574 /* Frameworks */,
				74FEB55F29A82881002BC574 /* Resources */,
			);
			buildRules = (
			);
			dependencies = (
				74FEB56329A82881002BC574 /* PBXTargetDependency */,
			);
			name = SixtTests;
			productName = SixtTests;
			productReference = 74FEB56129A82881002BC574 /* SixtTests.xctest */;
			productType = "com.apple.product-type.bundle.unit-test";
		};
		74FEB56A29A82881002BC574 /* SixtUITests */ = {
			isa = PBXNativeTarget;
			buildConfigurationList = 74FEB57B29A82882002BC574 /* Build configuration list for PBXNativeTarget "SixtUITests" */;
			buildPhases = (
				74FEB56729A82881002BC574 /* Sources */,
				74FEB56829A82881002BC574 /* Frameworks */,
				74FEB56929A82881002BC574 /* Resources */,
			);
			buildRules = (
			);
			dependencies = (
				74FEB56D29A82881002BC574 /* PBXTargetDependency */,
			);
			name = SixtUITests;
			productName = SixtUITests;
			productReference = 74FEB56B29A82881002BC574 /* SixtUITests.xctest */;
			productType = "com.apple.product-type.bundle.ui-testing";
		};
/* End PBXNativeTarget section */

/* Begin PBXProject section */
		74FEB54929A82881002BC574 /* Project object */ = {
			isa = PBXProject;
			attributes = {
				BuildIndependentTargetsInParallel = 1;
				LastSwiftUpdateCheck = 1420;
				LastUpgradeCheck = 1420;
				TargetAttributes = {
					74FEB55029A82881002BC574 = {
						CreatedOnToolsVersion = 14.2;
					};
					74FEB56029A82881002BC574 = {
						CreatedOnToolsVersion = 14.2;
						TestTargetID = 74FEB55029A82881002BC574;
					};
					74FEB56A29A82881002BC574 = {
						CreatedOnToolsVersion = 14.2;
						TestTargetID = 74FEB55029A82881002BC574;
					};
				};
			};
			buildConfigurationList = 74FEB54C29A82881002BC574 /* Build configuration list for PBXProject "Sixt" */;
			compatibilityVersion = "Xcode 14.0";
			developmentRegion = en;
			hasScannedForEncodings = 0;
			knownRegions = (
				en,
				Base,
			);
			mainGroup = 74FEB54829A82881002BC574;
			productRefGroup = 74FEB55229A82881002BC574 /* Products */;
			projectDirPath = "";
			projectRoot = "";
			targets = (
				74FEB55029A82881002BC574 /* Sixt */,
				74FEB56029A82881002BC574 /* SixtTests */,
				74FEB56A29A82881002BC574 /* SixtUITests */,
			);
		};
/* End PBXProject section */

/* Begin PBXResourcesBuildPhase section */
		74FEB54F29A82881002BC574 /* Resources */ = {
			isa = PBXResourcesBuildPhase;
			buildActionMask = 2147483647;
			files = (
				74FEB55C29A82881002BC574 /* Preview Assets.xcassets in Resources */,
				74FEB55929A82881002BC574 /* Assets.xcassets in Resources */,
			);
			runOnlyForDeploymentPostprocessing = 0;
		};
		74FEB55F29A82881002BC574 /* Resources */ = {
			isa = PBXResourcesBuildPhase;
			buildActionMask = 2147483647;
			files = (
			);
			runOnlyForDeploymentPostprocessing = 0;
		};
		74FEB56929A82881002BC574 /* Resources */ = {
			isa = PBXResourcesBuildPhase;
			buildActionMask = 2147483647;
			files = (
			);
			runOnlyForDeploymentPostprocessing = 0;
		};
/* End PBXResourcesBuildPhase section */

/* Begin PBXSourcesBuildPhase section */
		74FEB54D29A82881002BC574 /* Sources */ = {
			isa = PBXSourcesBuildPhase;
			buildActionMask = 2147483647;
			files = (
				7472FFF829AD5FE900662796 /* CarModelCustomEntity.swift in Sources */,
				74FEB58229A82889002BC574 /* ColorEx.swift in Sources */,
				74F27F4829A8CB8B0004FEEB /* CarMapViewComponent.swift in Sources */,
				74FEB58B29A82892002BC574 /* ResponseSource.swift in Sources */,
				74370B0129ACDD4C00DE47D4 /* CarsDao.swift in Sources */,
				74FEB5A129A82897002BC574 /* CarInfoScreen.swift in Sources */,
				74FEB58C29A82892002BC574 /* CarService.swift in Sources */,
				74370AFF29ACDA9400DE47D4 /* Car.xcdatamodeld in Sources */,
				74FEB5A529A82897002BC574 /* CarMapScreen.swift in Sources */,
				74FEB5A429A82897002BC574 /* CarMapViewModel.swift in Sources */,
				74FEB5A729A82897002BC574 /* CarLocation.swift in Sources */,
				74FEB58A29A82892002BC574 /* CarModel.swift in Sources */,
				74FEB5A329A82897002BC574 /* CarListScreen.swift in Sources */,
				74FEB5A629A82897002BC574 /* WelcomeScreen.swift in Sources */,
				74FEB58529A8288D002BC574 /* GetCarList.swift in Sources */,
				74FEB5A229A82897002BC574 /* InfoRow.swift in Sources */,
				7485976529AE28F20076F3F6 /* CarsModelCustomArrayEntity.swift in Sources */,
				74F27F5129ACC9CC0004FEEB /* CarsLocalDatabaseImpl.swift in Sources */,
				74370B0329ACF2DC00DE47D4 /* LocalResponse.swift in Sources */,
				74370B0529ACFFAD00DE47D4 /* SequenceEx.swift in Sources */,
				74FEB5A829A82897002BC574 /* Car.swift in Sources */,
				74FEB5A929A82897002BC574 /* TabNavigation.swift in Sources */,
				74FEB55529A82881002BC574 /* SixtApp.swift in Sources */,
				74F27F4629A8C9A10004FEEB /* CarListViewComponent.swift in Sources */,
				74FEB59F29A82897002BC574 /* CarListViewModel.swift in Sources */,
				74FEB5A029A82897002BC574 /* CarItem.swift in Sources */,
			);
			runOnlyForDeploymentPostprocessing = 0;
		};
		74FEB55D29A82881002BC574 /* Sources */ = {
			isa = PBXSourcesBuildPhase;
			buildActionMask = 2147483647;
			files = (
				74FEB56629A82881002BC574 /* SixtTests.swift in Sources */,
			);
			runOnlyForDeploymentPostprocessing = 0;
		};
		74FEB56729A82881002BC574 /* Sources */ = {
			isa = PBXSourcesBuildPhase;
			buildActionMask = 2147483647;
			files = (
				74FEB57229A82882002BC574 /* SixtUITestsLaunchTests.swift in Sources */,
				74FEB57029A82882002BC574 /* SixtUITests.swift in Sources */,
			);
			runOnlyForDeploymentPostprocessing = 0;
		};
/* End PBXSourcesBuildPhase section */

/* Begin PBXTargetDependency section */
		74FEB56329A82881002BC574 /* PBXTargetDependency */ = {
			isa = PBXTargetDependency;
			target = 74FEB55029A82881002BC574 /* Sixt */;
			targetProxy = 74FEB56229A82881002BC574 /* PBXContainerItemProxy */;
		};
		74FEB56D29A82881002BC574 /* PBXTargetDependency */ = {
			isa = PBXTargetDependency;
			target = 74FEB55029A82881002BC574 /* Sixt */;
			targetProxy = 74FEB56C29A82881002BC574 /* PBXContainerItemProxy */;
		};
/* End PBXTargetDependency section */

/* Begin XCBuildConfiguration section */
		74FEB57329A82882002BC574 /* Debug */ = {
			isa = XCBuildConfiguration;
			buildSettings = {
				ALWAYS_SEARCH_USER_PATHS = NO;
				CLANG_ANALYZER_NONNULL = YES;
				CLANG_ANALYZER_NUMBER_OBJECT_CONVERSION = YES_AGGRESSIVE;
				CLANG_CXX_LANGUAGE_STANDARD = "gnu++20";
				CLANG_ENABLE_MODULES = YES;
				CLANG_ENABLE_OBJC_ARC = YES;
				CLANG_ENABLE_OBJC_WEAK = YES;
				CLANG_WARN_BLOCK_CAPTURE_AUTORELEASING = YES;
				CLANG_WARN_BOOL_CONVERSION = YES;
				CLANG_WARN_COMMA = YES;
				CLANG_WARN_CONSTANT_CONVERSION = YES;
				CLANG_WARN_DEPRECATED_OBJC_IMPLEMENTATIONS = YES;
				CLANG_WARN_DIRECT_OBJC_ISA_USAGE = YES_ERROR;
				CLANG_WARN_DOCUMENTATION_COMMENTS = YES;
				CLANG_WARN_EMPTY_BODY = YES;
				CLANG_WARN_ENUM_CONVERSION = YES;
				CLANG_WARN_INFINITE_RECURSION = YES;
				CLANG_WARN_INT_CONVERSION = YES;
				CLANG_WARN_NON_LITERAL_NULL_CONVERSION = YES;
				CLANG_WARN_OBJC_IMPLICIT_RETAIN_SELF = YES;
				CLANG_WARN_OBJC_LITERAL_CONVERSION = YES;
				CLANG_WARN_OBJC_ROOT_CLASS = YES_ERROR;
				CLANG_WARN_QUOTED_INCLUDE_IN_FRAMEWORK_HEADER = YES;
				CLANG_WARN_RANGE_LOOP_ANALYSIS = YES;
				CLANG_WARN_STRICT_PROTOTYPES = YES;
				CLANG_WARN_SUSPICIOUS_MOVE = YES;
				CLANG_WARN_UNGUARDED_AVAILABILITY = YES_AGGRESSIVE;
				CLANG_WARN_UNREACHABLE_CODE = YES;
				CLANG_WARN__DUPLICATE_METHOD_MATCH = YES;
				COPY_PHASE_STRIP = NO;
				DEBUG_INFORMATION_FORMAT = dwarf;
				ENABLE_STRICT_OBJC_MSGSEND = YES;
				ENABLE_TESTABILITY = YES;
				GCC_C_LANGUAGE_STANDARD = gnu11;
				GCC_DYNAMIC_NO_PIC = NO;
				GCC_NO_COMMON_BLOCKS = YES;
				GCC_OPTIMIZATION_LEVEL = 0;
				GCC_PREPROCESSOR_DEFINITIONS = (
					"DEBUG=1",
					"$(inherited)",
				);
				GCC_WARN_64_TO_32_BIT_CONVERSION = YES;
				GCC_WARN_ABOUT_RETURN_TYPE = YES_ERROR;
				GCC_WARN_UNDECLARED_SELECTOR = YES;
				GCC_WARN_UNINITIALIZED_AUTOS = YES_AGGRESSIVE;
				GCC_WARN_UNUSED_FUNCTION = YES;
				GCC_WARN_UNUSED_VARIABLE = YES;
				IPHONEOS_DEPLOYMENT_TARGET = 16.2;
				MTL_ENABLE_DEBUG_INFO = INCLUDE_SOURCE;
				MTL_FAST_MATH = YES;
				ONLY_ACTIVE_ARCH = YES;
				SDKROOT = iphoneos;
				SWIFT_ACTIVE_COMPILATION_CONDITIONS = DEBUG;
				SWIFT_OPTIMIZATION_LEVEL = "-Onone";
			};
			name = Debug;
		};
		74FEB57429A82882002BC574 /* Release */ = {
			isa = XCBuildConfiguration;
			buildSettings = {
				ALWAYS_SEARCH_USER_PATHS = NO;
				CLANG_ANALYZER_NONNULL = YES;
				CLANG_ANALYZER_NUMBER_OBJECT_CONVERSION = YES_AGGRESSIVE;
				CLANG_CXX_LANGUAGE_STANDARD = "gnu++20";
				CLANG_ENABLE_MODULES = YES;
				CLANG_ENABLE_OBJC_ARC = YES;
				CLANG_ENABLE_OBJC_WEAK = YES;
				CLANG_WARN_BLOCK_CAPTURE_AUTORELEASING = YES;
				CLANG_WARN_BOOL_CONVERSION = YES;
				CLANG_WARN_COMMA = YES;
				CLANG_WARN_CONSTANT_CONVERSION = YES;
				CLANG_WARN_DEPRECATED_OBJC_IMPLEMENTATIONS = YES;
				CLANG_WARN_DIRECT_OBJC_ISA_USAGE = YES_ERROR;
				CLANG_WARN_DOCUMENTATION_COMMENTS = YES;
				CLANG_WARN_EMPTY_BODY = YES;
				CLANG_WARN_ENUM_CONVERSION = YES;
				CLANG_WARN_INFINITE_RECURSION = YES;
				CLANG_WARN_INT_CONVERSION = YES;
				CLANG_WARN_NON_LITERAL_NULL_CONVERSION = YES;
				CLANG_WARN_OBJC_IMPLICIT_RETAIN_SELF = YES;
				CLANG_WARN_OBJC_LITERAL_CONVERSION = YES;
				CLANG_WARN_OBJC_ROOT_CLASS = YES_ERROR;
				CLANG_WARN_QUOTED_INCLUDE_IN_FRAMEWORK_HEADER = YES;
				CLANG_WARN_RANGE_LOOP_ANALYSIS = YES;
				CLANG_WARN_STRICT_PROTOTYPES = YES;
				CLANG_WARN_SUSPICIOUS_MOVE = YES;
				CLANG_WARN_UNGUARDED_AVAILABILITY = YES_AGGRESSIVE;
				CLANG_WARN_UNREACHABLE_CODE = YES;
				CLANG_WARN__DUPLICATE_METHOD_MATCH = YES;
				COPY_PHASE_STRIP = NO;
				DEBUG_INFORMATION_FORMAT = "dwarf-with-dsym";
				ENABLE_NS_ASSERTIONS = NO;
				ENABLE_STRICT_OBJC_MSGSEND = YES;
				GCC_C_LANGUAGE_STANDARD = gnu11;
				GCC_NO_COMMON_BLOCKS = YES;
				GCC_WARN_64_TO_32_BIT_CONVERSION = YES;
				GCC_WARN_ABOUT_RETURN_TYPE = YES_ERROR;
				GCC_WARN_UNDECLARED_SELECTOR = YES;
				GCC_WARN_UNINITIALIZED_AUTOS = YES_AGGRESSIVE;
				GCC_WARN_UNUSED_FUNCTION = YES;
				GCC_WARN_UNUSED_VARIABLE = YES;
				IPHONEOS_DEPLOYMENT_TARGET = 16.2;
				MTL_ENABLE_DEBUG_INFO = NO;
				MTL_FAST_MATH = YES;
				SDKROOT = iphoneos;
				SWIFT_COMPILATION_MODE = wholemodule;
				SWIFT_OPTIMIZATION_LEVEL = "-O";
				VALIDATE_PRODUCT = YES;
			};
			name = Release;
		};
		74FEB57629A82882002BC574 /* Debug */ = {
			isa = XCBuildConfiguration;
			buildSettings = {
				ASSETCATALOG_COMPILER_APPICON_NAME = AppIcon;
				ASSETCATALOG_COMPILER_GLOBAL_ACCENT_COLOR_NAME = AccentColor;
				CODE_SIGN_STYLE = Automatic;
				CURRENT_PROJECT_VERSION = 1;
				DEVELOPMENT_ASSET_PATHS = "\"Sixt/Preview Content\"";
				DEVELOPMENT_TEAM = 9V44N95U7Z;
				ENABLE_PREVIEWS = YES;
				GENERATE_INFOPLIST_FILE = YES;
				INFOPLIST_KEY_UIApplicationSceneManifest_Generation = YES;
				INFOPLIST_KEY_UIApplicationSupportsIndirectInputEvents = YES;
				INFOPLIST_KEY_UILaunchScreen_Generation = YES;
				INFOPLIST_KEY_UISupportedInterfaceOrientations_iPad = "UIInterfaceOrientationPortrait UIInterfaceOrientationPortraitUpsideDown UIInterfaceOrientationLandscapeLeft UIInterfaceOrientationLandscapeRight";
				INFOPLIST_KEY_UISupportedInterfaceOrientations_iPhone = "UIInterfaceOrientationPortrait UIInterfaceOrientationLandscapeLeft UIInterfaceOrientationLandscapeRight";
				LD_RUNPATH_SEARCH_PATHS = (
					"$(inherited)",
					"@executable_path/Frameworks",
				);
				MARKETING_VERSION = 1.0;
				PRODUCT_BUNDLE_IDENTIFIER = macrosystems.SixtApp;
				PRODUCT_NAME = "$(TARGET_NAME)";
				SWIFT_EMIT_LOC_STRINGS = YES;
				SWIFT_VERSION = 5.0;
				TARGETED_DEVICE_FAMILY = "1,2";
			};
			name = Debug;
		};
		74FEB57729A82882002BC574 /* Release */ = {
			isa = XCBuildConfiguration;
			buildSettings = {
				ASSETCATALOG_COMPILER_APPICON_NAME = AppIcon;
				ASSETCATALOG_COMPILER_GLOBAL_ACCENT_COLOR_NAME = AccentColor;
				CODE_SIGN_STYLE = Automatic;
				CURRENT_PROJECT_VERSION = 1;
				DEVELOPMENT_ASSET_PATHS = "\"Sixt/Preview Content\"";
				DEVELOPMENT_TEAM = 9V44N95U7Z;
				ENABLE_PREVIEWS = YES;
				GENERATE_INFOPLIST_FILE = YES;
				INFOPLIST_KEY_UIApplicationSceneManifest_Generation = YES;
				INFOPLIST_KEY_UIApplicationSupportsIndirectInputEvents = YES;
				INFOPLIST_KEY_UILaunchScreen_Generation = YES;
				INFOPLIST_KEY_UISupportedInterfaceOrientations_iPad = "UIInterfaceOrientationPortrait UIInterfaceOrientationPortraitUpsideDown UIInterfaceOrientationLandscapeLeft UIInterfaceOrientationLandscapeRight";
				INFOPLIST_KEY_UISupportedInterfaceOrientations_iPhone = "UIInterfaceOrientationPortrait UIInterfaceOrientationLandscapeLeft UIInterfaceOrientationLandscapeRight";
				LD_RUNPATH_SEARCH_PATHS = (
					"$(inherited)",
					"@executable_path/Frameworks",
				);
				MARKETING_VERSION = 1.0;
				PRODUCT_BUNDLE_IDENTIFIER = macrosystems.SixtApp;
				PRODUCT_NAME = "$(TARGET_NAME)";
				SWIFT_EMIT_LOC_STRINGS = YES;
				SWIFT_VERSION = 5.0;
				TARGETED_DEVICE_FAMILY = "1,2";
			};
			name = Release;
		};
		74FEB57929A82882002BC574 /* Debug */ = {
			isa = XCBuildConfiguration;
			buildSettings = {
				ALWAYS_EMBED_SWIFT_STANDARD_LIBRARIES = YES;
				BUNDLE_LOADER = "$(TEST_HOST)";
				CODE_SIGN_STYLE = Automatic;
				CURRENT_PROJECT_VERSION = 1;
				DEVELOPMENT_TEAM = 9V44N95U7Z;
				GENERATE_INFOPLIST_FILE = YES;
				IPHONEOS_DEPLOYMENT_TARGET = 16.2;
				MARKETING_VERSION = 1.0;
				PRODUCT_BUNDLE_IDENTIFIER = macrosystems.SixtTests;
				PRODUCT_NAME = "$(TARGET_NAME)";
				SWIFT_EMIT_LOC_STRINGS = NO;
				SWIFT_VERSION = 5.0;
				TARGETED_DEVICE_FAMILY = "1,2";
				TEST_HOST = "$(BUILT_PRODUCTS_DIR)/Sixt.app/$(BUNDLE_EXECUTABLE_FOLDER_PATH)/Sixt";
			};
			name = Debug;
		};
		74FEB57A29A82882002BC574 /* Release */ = {
			isa = XCBuildConfiguration;
			buildSettings = {
				ALWAYS_EMBED_SWIFT_STANDARD_LIBRARIES = YES;
				BUNDLE_LOADER = "$(TEST_HOST)";
				CODE_SIGN_STYLE = Automatic;
				CURRENT_PROJECT_VERSION = 1;
				DEVELOPMENT_TEAM = 9V44N95U7Z;
				GENERATE_INFOPLIST_FILE = YES;
				IPHONEOS_DEPLOYMENT_TARGET = 16.2;
				MARKETING_VERSION = 1.0;
				PRODUCT_BUNDLE_IDENTIFIER = macrosystems.SixtTests;
				PRODUCT_NAME = "$(TARGET_NAME)";
				SWIFT_EMIT_LOC_STRINGS = NO;
				SWIFT_VERSION = 5.0;
				TARGETED_DEVICE_FAMILY = "1,2";
				TEST_HOST = "$(BUILT_PRODUCTS_DIR)/Sixt.app/$(BUNDLE_EXECUTABLE_FOLDER_PATH)/Sixt";
			};
			name = Release;
		};
		74FEB57C29A82882002BC574 /* Debug */ = {
			isa = XCBuildConfiguration;
			buildSettings = {
				ALWAYS_EMBED_SWIFT_STANDARD_LIBRARIES = YES;
				CODE_SIGN_STYLE = Automatic;
				CURRENT_PROJECT_VERSION = 1;
				DEVELOPMENT_TEAM = 9V44N95U7Z;
				GENERATE_INFOPLIST_FILE = YES;
				MARKETING_VERSION = 1.0;
				PRODUCT_BUNDLE_IDENTIFIER = macrosystems.SixtUITests;
				PRODUCT_NAME = "$(TARGET_NAME)";
				SWIFT_EMIT_LOC_STRINGS = NO;
				SWIFT_VERSION = 5.0;
				TARGETED_DEVICE_FAMILY = "1,2";
				TEST_TARGET_NAME = Sixt;
			};
			name = Debug;
		};
		74FEB57D29A82882002BC574 /* Release */ = {
			isa = XCBuildConfiguration;
			buildSettings = {
				ALWAYS_EMBED_SWIFT_STANDARD_LIBRARIES = YES;
				CODE_SIGN_STYLE = Automatic;
				CURRENT_PROJECT_VERSION = 1;
				DEVELOPMENT_TEAM = 9V44N95U7Z;
				GENERATE_INFOPLIST_FILE = YES;
				MARKETING_VERSION = 1.0;
				PRODUCT_BUNDLE_IDENTIFIER = macrosystems.SixtUITests;
				PRODUCT_NAME = "$(TARGET_NAME)";
				SWIFT_EMIT_LOC_STRINGS = NO;
				SWIFT_VERSION = 5.0;
				TARGETED_DEVICE_FAMILY = "1,2";
				TEST_TARGET_NAME = Sixt;
			};
			name = Release;
		};
/* End XCBuildConfiguration section */

/* Begin XCConfigurationList section */
		74FEB54C29A82881002BC574 /* Build configuration list for PBXProject "Sixt" */ = {
			isa = XCConfigurationList;
			buildConfigurations = (
				74FEB57329A82882002BC574 /* Debug */,
				74FEB57429A82882002BC574 /* Release */,
			);
			defaultConfigurationIsVisible = 0;
			defaultConfigurationName = Release;
		};
		74FEB57529A82882002BC574 /* Build configuration list for PBXNativeTarget "Sixt" */ = {
			isa = XCConfigurationList;
			buildConfigurations = (
				74FEB57629A82882002BC574 /* Debug */,
				74FEB57729A82882002BC574 /* Release */,
			);
			defaultConfigurationIsVisible = 0;
			defaultConfigurationName = Release;
		};
		74FEB57829A82882002BC574 /* Build configuration list for PBXNativeTarget "SixtTests" */ = {
			isa = XCConfigurationList;
			buildConfigurations = (
				74FEB57929A82882002BC574 /* Debug */,
				74FEB57A29A82882002BC574 /* Release */,
			);
			defaultConfigurationIsVisible = 0;
			defaultConfigurationName = Release;
		};
		74FEB57B29A82882002BC574 /* Build configuration list for PBXNativeTarget "SixtUITests" */ = {
			isa = XCConfigurationList;
			buildConfigurations = (
				74FEB57C29A82882002BC574 /* Debug */,
				74FEB57D29A82882002BC574 /* Release */,
			);
			defaultConfigurationIsVisible = 0;
			defaultConfigurationName = Release;
		};
/* End XCConfigurationList section */

/* Begin XCVersionGroup section */
		74370AFD29ACDA9400DE47D4 /* Car.xcdatamodeld */ = {
			isa = XCVersionGroup;
			children = (
				74370AFE29ACDA9400DE47D4 /* Car.xcdatamodel */,
			);
			currentVersion = 74370AFE29ACDA9400DE47D4 /* Car.xcdatamodel */;
			path = Car.xcdatamodeld;
			sourceTree = "<group>";
			versionGroupType = wrapper.xcdatamodel;
		};
/* End XCVersionGroup section */
	};
	rootObject = 74FEB54929A82881002BC574 /* Project object */;
}
